// !$*UTF8*$!
{
	archiveVersion = 1;
	classes = {
	};
	objectVersion = 50;
	objects = {

/* Begin PBXBuildFile section */
		49FFECBF25703D16004FB19C /* AppDelegate.swift in Sources */ = {isa = PBXBuildFile; fileRef = 49FFECBE25703D16004FB19C /* AppDelegate.swift */; };
		49FFECC125703D16004FB19C /* SceneDelegate.swift in Sources */ = {isa = PBXBuildFile; fileRef = 49FFECC025703D16004FB19C /* SceneDelegate.swift */; };
		49FFECC325703D16004FB19C /* ContentView.swift in Sources */ = {isa = PBXBuildFile; fileRef = 49FFECC225703D16004FB19C /* ContentView.swift */; };
		49FFECC525703D1C004FB19C /* Assets.xcassets in Resources */ = {isa = PBXBuildFile; fileRef = 49FFECC425703D1C004FB19C /* Assets.xcassets */; };
		49FFECC825703D1C004FB19C /* Preview Assets.xcassets in Resources */ = {isa = PBXBuildFile; fileRef = 49FFECC725703D1C004FB19C /* Preview Assets.xcassets */; };
		49FFECCB25703D1C004FB19C /* LaunchScreen.storyboard in Resources */ = {isa = PBXBuildFile; fileRef = 49FFECC925703D1C004FB19C /* LaunchScreen.storyboard */; };
		49FFECD625703D1D004FB19C /* WeSplitTests.swift in Sources */ = {isa = PBXBuildFile; fileRef = 49FFECD525703D1D004FB19C /* WeSplitTests.swift */; };
		49FFECE125703D1D004FB19C /* WeSplitUITests.swift in Sources */ = {isa = PBXBuildFile; fileRef = 49FFECE025703D1D004FB19C /* WeSplitUITests.swift */; };
/* End PBXBuildFile section */

/* Begin PBXContainerItemProxy section */
		49FFECD225703D1D004FB19C /* PBXContainerItemProxy */ = {
			isa = PBXContainerItemProxy;
			containerPortal = 49FFECB325703D16004FB19C /* Project object */;
			proxyType = 1;
			remoteGlobalIDString = 49FFECBA25703D16004FB19C;
			remoteInfo = WeSplit;
		};
		49FFECDD25703D1D004FB19C /* PBXContainerItemProxy */ = {
			isa = PBXContainerItemProxy;
			containerPortal = 49FFECB325703D16004FB19C /* Project object */;
			proxyType = 1;
			remoteGlobalIDString = 49FFECBA25703D16004FB19C;
			remoteInfo = WeSplit;
		};
/* End PBXContainerItemProxy section */

/* Begin PBXFileReference section */
		49FFECBB25703D16004FB19C /* WeSplit.app */ = {isa = PBXFileReference; explicitFileType = wrapper.application; includeInIndex = 0; path = WeSplit.app; sourceTree = BUILT_PRODUCTS_DIR; };
		49FFECBE25703D16004FB19C /* AppDelegate.swift */ = {isa = PBXFileReference; lastKnownFileType = sourcecode.swift; path = AppDelegate.swift; sourceTree = "<group>"; };
		49FFECC025703D16004FB19C /* SceneDelegate.swift */ = {isa = PBXFileReference; lastKnownFileType = sourcecode.swift; path = SceneDelegate.swift; sourceTree = "<group>"; };
		49FFECC225703D16004FB19C /* ContentView.swift */ = {isa = PBXFileReference; lastKnownFileType = sourcecode.swift; path = ContentView.swift; sourceTree = "<group>"; };
		49FFECC425703D1C004FB19C /* Assets.xcassets */ = {isa = PBXFileReference; lastKnownFileType = folder.assetcatalog; path = Assets.xcassets; sourceTree = "<group>"; };
		49FFECC725703D1C004FB19C /* Preview Assets.xcassets */ = {isa = PBXFileReference; lastKnownFileType = folder.assetcatalog; path = "Preview Assets.xcassets"; sourceTree = "<group>"; };
		49FFECCA25703D1C004FB19C /* Base */ = {isa = PBXFileReference; lastKnownFileType = file.storyboard; name = Base; path = Base.lproj/LaunchScreen.storyboard; sourceTree = "<group>"; };
		49FFECCC25703D1C004FB19C /* Info.plist */ = {isa = PBXFileReference; lastKnownFileType = text.plist.xml; path = Info.plist; sourceTree = "<group>"; };
		49FFECD125703D1D004FB19C /* WeSplitTests.xctest */ = {isa = PBXFileReference; explicitFileType = wrapper.cfbundle; includeInIndex = 0; path = WeSplitTests.xctest; sourceTree = BUILT_PRODUCTS_DIR; };
		49FFECD525703D1D004FB19C /* WeSplitTests.swift */ = {isa = PBXFileReference; lastKnownFileType = sourcecode.swift; path = WeSplitTests.swift; sourceTree = "<group>"; };
		49FFECD725703D1D004FB19C /* Info.plist */ = {isa = PBXFileReference; lastKnownFileType = text.plist.xml; path = Info.plist; sourceTree = "<group>"; };
		49FFECDC25703D1D004FB19C /* WeSplitUITests.xctest */ = {isa = PBXFileReference; explicitFileType = wrapper.cfbundle; includeInIndex = 0; path = WeSplitUITests.xctest; sourceTree = BUILT_PRODUCTS_DIR; };
		49FFECE025703D1D004FB19C /* WeSplitUITests.swift */ = {isa = PBXFileReference; lastKnownFileType = sourcecode.swift; path = WeSplitUITests.swift; sourceTree = "<group>"; };
		49FFECE225703D1D004FB19C /* Info.plist */ = {isa = PBXFileReference; lastKnownFileType = text.plist.xml; path = Info.plist; sourceTree = "<group>"; };
/* End PBXFileReference section */

/* Begin PBXFrameworksBuildPhase section */
		49FFECB825703D16004FB19C /* Frameworks */ = {
			isa = PBXFrameworksBuildPhase;
			buildActionMask = 2147483647;
			files = (
			);
			runOnlyForDeploymentPostprocessing = 0;
		};
		49FFECCE25703D1D004FB19C /* Frameworks */ = {
			isa = PBXFrameworksBuildPhase;
			buildActionMask = 2147483647;
			files = (
			);
			runOnlyForDeploymentPostprocessing = 0;
		};
		49FFECD925703D1D004FB19C /* Frameworks */ = {
			isa = PBXFrameworksBuildPhase;
			buildActionMask = 2147483647;
			files = (
			);
			runOnlyForDeploymentPostprocessing = 0;
		};
/* End PBXFrameworksBuildPhase section */

/* Begin PBXGroup section */
		49FFECB225703D16004FB19C = {
			isa = PBXGroup;
			children = (
				49FFECBD25703D16004FB19C /* WeSplit */,
				49FFECD425703D1D004FB19C /* WeSplitTests */,
				49FFECDF25703D1D004FB19C /* WeSplitUITests */,
				49FFECBC25703D16004FB19C /* Products */,
			);
			sourceTree = "<group>";
		};
		49FFECBC25703D16004FB19C /* Products */ = {
			isa = PBXGroup;
			children = (
				49FFECBB25703D16004FB19C /* WeSplit.app */,
				49FFECD125703D1D004FB19C /* WeSplitTests.xctest */,
				49FFECDC25703D1D004FB19C /* WeSplitUITests.xctest */,
			);
			name = Products;
			sourceTree = "<group>";
		};
		49FFECBD25703D16004FB19C /* WeSplit */ = {
			isa = PBXGroup;
			children = (
				49FFECBE25703D16004FB19C /* AppDelegate.swift */,
				49FFECC025703D16004FB19C /* SceneDelegate.swift */,
				49FFECC225703D16004FB19C /* ContentView.swift */,
				49FFECC425703D1C004FB19C /* Assets.xcassets */,
				49FFECC925703D1C004FB19C /* LaunchScreen.storyboard */,
				49FFECCC25703D1C004FB19C /* Info.plist */,
				49FFECC625703D1C004FB19C /* Preview Content */,
			);
			path = WeSplit;
			sourceTree = "<group>";
		};
		49FFECC625703D1C004FB19C /* Preview Content */ = {
			isa = PBXGroup;
			children = (
				49FFECC725703D1C004FB19C /* Preview Assets.xcassets */,
			);
			path = "Preview Content";
			sourceTree = "<group>";
		};
		49FFECD425703D1D004FB19C /* WeSplitTests */ = {
			isa = PBXGroup;
			children = (
				49FFECD525703D1D004FB19C /* WeSplitTests.swift */,
				49FFECD725703D1D004FB19C /* Info.plist */,
			);
			path = WeSplitTests;
			sourceTree = "<group>";
		};
		49FFECDF25703D1D004FB19C /* WeSplitUITests */ = {
			isa = PBXGroup;
			children = (
				49FFECE025703D1D004FB19C /* WeSplitUITests.swift */,
				49FFECE225703D1D004FB19C /* Info.plist */,
			);
			path = WeSplitUITests;
			sourceTree = "<group>";
		};
/* End PBXGroup section */

/* Begin PBXNativeTarget section */
		49FFECBA25703D16004FB19C /* WeSplit */ = {
			isa = PBXNativeTarget;
			buildConfigurationList = 49FFECE525703D1D004FB19C /* Build configuration list for PBXNativeTarget "WeSplit" */;
			buildPhases = (
				49FFECB725703D16004FB19C /* Sources */,
				49FFECB825703D16004FB19C /* Frameworks */,
				49FFECB925703D16004FB19C /* Resources */,
			);
			buildRules = (
			);
			dependencies = (
			);
			name = WeSplit;
			productName = WeSplit;
			productReference = 49FFECBB25703D16004FB19C /* WeSplit.app */;
			productType = "com.apple.product-type.application";
		};
		49FFECD025703D1D004FB19C /* WeSplitTests */ = {
			isa = PBXNativeTarget;
			buildConfigurationList = 49FFECE825703D1D004FB19C /* Build configuration list for PBXNativeTarget "WeSplitTests" */;
			buildPhases = (
				49FFECCD25703D1D004FB19C /* Sources */,
				49FFECCE25703D1D004FB19C /* Frameworks */,
				49FFECCF25703D1D004FB19C /* Resources */,
			);
			buildRules = (
			);
			dependencies = (
				49FFECD325703D1D004FB19C /* PBXTargetDependency */,
			);
			name = WeSplitTests;
			productName = WeSplitTests;
			productReference = 49FFECD125703D1D004FB19C /* WeSplitTests.xctest */;
			productType = "com.apple.product-type.bundle.unit-test";
		};
		49FFECDB25703D1D004FB19C /* WeSplitUITests */ = {
			isa = PBXNativeTarget;
			buildConfigurationList = 49FFECEB25703D1D004FB19C /* Build configuration list for PBXNativeTarget "WeSplitUITests" */;
			buildPhases = (
				49FFECD825703D1D004FB19C /* Sources */,
				49FFECD925703D1D004FB19C /* Frameworks */,
				49FFECDA25703D1D004FB19C /* Resources */,
			);
			buildRules = (
			);
			dependencies = (
				49FFECDE25703D1D004FB19C /* PBXTargetDependency */,
			);
			name = WeSplitUITests;
			productName = WeSplitUITests;
			productReference = 49FFECDC25703D1D004FB19C /* WeSplitUITests.xctest */;
			productType = "com.apple.product-type.bundle.ui-testing";
		};
/* End PBXNativeTarget section */

/* Begin PBXProject section */
		49FFECB325703D16004FB19C /* Project object */ = {
			isa = PBXProject;
			attributes = {
				LastSwiftUpdateCheck = 1170;
				LastUpgradeCheck = 1170;
				ORGANIZATIONNAME = "Nikita Velichko";
				TargetAttributes = {
					49FFECBA25703D16004FB19C = {
						CreatedOnToolsVersion = 11.7;
					};
					49FFECD025703D1D004FB19C = {
						CreatedOnToolsVersion = 11.7;
						TestTargetID = 49FFECBA25703D16004FB19C;
					};
					49FFECDB25703D1D004FB19C = {
						CreatedOnToolsVersion = 11.7;
						TestTargetID = 49FFECBA25703D16004FB19C;
					};
				};
			};
			buildConfigurationList = 49FFECB625703D16004FB19C /* Build configuration list for PBXProject "WeSplit" */;
			compatibilityVersion = "Xcode 9.3";
			developmentRegion = en;
			hasScannedForEncodings = 0;
			knownRegions = (
				en,
				Base,
			);
			mainGroup = 49FFECB225703D16004FB19C;
			productRefGroup = 49FFECBC25703D16004FB19C /* Products */;
			projectDirPath = "";
			projectRoot = "";
			targets = (
				49FFECBA25703D16004FB19C /* WeSplit */,
				49FFECD025703D1D004FB19C /* WeSplitTests */,
				49FFECDB25703D1D004FB19C /* WeSplitUITests */,
			);
		};
/* End PBXProject section */

/* Begin PBXResourcesBuildPhase section */
		49FFECB925703D16004FB19C /* Resources */ = {
			isa = PBXResourcesBuildPhase;
			buildActionMask = 2147483647;
			files = (
				49FFECCB25703D1C004FB19C /* LaunchScreen.storyboard in Resources */,
				49FFECC825703D1C004FB19C /* Preview Assets.xcassets in Resources */,
				49FFECC525703D1C004FB19C /* Assets.xcassets in Resources */,
			);
			runOnlyForDeploymentPostprocessing = 0;
		};
		49FFECCF25703D1D004FB19C /* Resources */ = {
			isa = PBXResourcesBuildPhase;
			buildActionMask = 2147483647;
			files = (
			);
			runOnlyForDeploymentPostprocessing = 0;
		};
		49FFECDA25703D1D004FB19C /* Resources */ = {
			isa = PBXResourcesBuildPhase;
			buildActionMask = 2147483647;
			files = (
			);
			runOnlyForDeploymentPostprocessing = 0;
		};
/* End PBXResourcesBuildPhase section */

/* Begin PBXSourcesBuildPhase section */
		49FFECB725703D16004FB19C /* Sources */ = {
			isa = PBXSourcesBuildPhase;
			buildActionMask = 2147483647;
			files = (
				49FFECBF25703D16004FB19C /* AppDelegate.swift in Sources */,
				49FFECC125703D16004FB19C /* SceneDelegate.swift in Sources */,
				49FFECC325703D16004FB19C /* ContentView.swift in Sources */,
			);
			runOnlyForDeploymentPostprocessing = 0;
		};
		49FFECCD25703D1D004FB19C /* Sources */ = {
			isa = PBXSourcesBuildPhase;
			buildActionMask = 2147483647;
			files = (
				49FFECD625703D1D004FB19C /* WeSplitTests.swift in Sources */,
			);
			runOnlyForDeploymentPostprocessing = 0;
		};
		49FFECD825703D1D004FB19C /* Sources */ = {
			isa = PBXSourcesBuildPhase;
			buildActionMask = 2147483647;
			files = (
				49FFECE125703D1D004FB19C /* WeSplitUITests.swift in Sources */,
			);
			runOnlyForDeploymentPostprocessing = 0;
		};
/* End PBXSourcesBuildPhase section */

/* Begin PBXTargetDependency section */
		49FFECD325703D1D004FB19C /* PBXTargetDependency */ = {
			isa = PBXTargetDependency;
			target = 49FFECBA25703D16004FB19C /* WeSplit */;
			targetProxy = 49FFECD225703D1D004FB19C /* PBXContainerItemProxy */;
		};
		49FFECDE25703D1D004FB19C /* PBXTargetDependency */ = {
			isa = PBXTargetDependency;
			target = 49FFECBA25703D16004FB19C /* WeSplit */;
			targetProxy = 49FFECDD25703D1D004FB19C /* PBXContainerItemProxy */;
		};
/* End PBXTargetDependency section */

/* Begin PBXVariantGroup section */
		49FFECC925703D1C004FB19C /* LaunchScreen.storyboard */ = {
			isa = PBXVariantGroup;
			children = (
				49FFECCA25703D1C004FB19C /* Base */,
			);
			name = LaunchScreen.storyboard;
			sourceTree = "<group>";
		};
/* End PBXVariantGroup section */

/* Begin XCBuildConfiguration section */
		49FFECE325703D1D004FB19C /* Debug */ = {
			isa = XCBuildConfiguration;
			buildSettings = {
				ALWAYS_SEARCH_USER_PATHS = NO;
				CLANG_ANALYZER_NONNULL = YES;
				CLANG_ANALYZER_NUMBER_OBJECT_CONVERSION = YES_AGGRESSIVE;
				CLANG_CXX_LANGUAGE_STANDARD = "gnu++14";
				CLANG_CXX_LIBRARY = "libc++";
				CLANG_ENABLE_MODULES = YES;
				CLANG_ENABLE_OBJC_ARC = YES;
				CLANG_ENABLE_OBJC_WEAK = YES;
				CLANG_WARN_BLOCK_CAPTURE_AUTORELEASING = YES;
				CLANG_WARN_BOOL_CONVERSION = YES;
				CLANG_WARN_COMMA = YES;
				CLANG_WARN_CONSTANT_CONVERSION = YES;
				CLANG_WARN_DEPRECATED_OBJC_IMPLEMENTATIONS = YES;
				CLANG_WARN_DIRECT_OBJC_ISA_USAGE = YES_ERROR;
				CLANG_WARN_DOCUMENTATION_COMMENTS = YES;
				CLANG_WARN_EMPTY_BODY = YES;
				CLANG_WARN_ENUM_CONVERSION = YES;
				CLANG_WARN_INFINITE_RECURSION = YES;
				CLANG_WARN_INT_CONVERSION = YES;
				CLANG_WARN_NON_LITERAL_NULL_CONVERSION = YES;
				CLANG_WARN_OBJC_IMPLICIT_RETAIN_SELF = YES;
				CLANG_WARN_OBJC_LITERAL_CONVERSION = YES;
				CLANG_WARN_OBJC_ROOT_CLASS = YES_ERROR;
				CLANG_WARN_RANGE_LOOP_ANALYSIS = YES;
				CLANG_WARN_STRICT_PROTOTYPES = YES;
				CLANG_WARN_SUSPICIOUS_MOVE = YES;
				CLANG_WARN_UNGUARDED_AVAILABILITY = YES_AGGRESSIVE;
				CLANG_WARN_UNREACHABLE_CODE = YES;
				CLANG_WARN__DUPLICATE_METHOD_MATCH = YES;
				COPY_PHASE_STRIP = NO;
				DEBUG_INFORMATION_FORMAT = dwarf;
				ENABLE_STRICT_OBJC_MSGSEND = YES;
				ENABLE_TESTABILITY = YES;
				GCC_C_LANGUAGE_STANDARD = gnu11;
				GCC_DYNAMIC_NO_PIC = NO;
				GCC_NO_COMMON_BLOCKS = YES;
				GCC_OPTIMIZATION_LEVEL = 0;
				GCC_PREPROCESSOR_DEFINITIONS = (
					"DEBUG=1",
					"$(inherited)",
				);
				GCC_WARN_64_TO_32_BIT_CONVERSION = YES;
				GCC_WARN_ABOUT_RETURN_TYPE = YES_ERROR;
				GCC_WARN_UNDECLARED_SELECTOR = YES;
				GCC_WARN_UNINITIALIZED_AUTOS = YES_AGGRESSIVE;
				GCC_WARN_UNUSED_FUNCTION = YES;
				GCC_WARN_UNUSED_VARIABLE = YES;
				IPHONEOS_DEPLOYMENT_TARGET = 13.7;
				MTL_ENABLE_DEBUG_INFO = INCLUDE_SOURCE;
				MTL_FAST_MATH = YES;
				ONLY_ACTIVE_ARCH = YES;
				SDKROOT = iphoneos;
				SWIFT_ACTIVE_COMPILATION_CONDITIONS = DEBUG;
				SWIFT_OPTIMIZATION_LEVEL = "-Onone";
			};
			name = Debug;
		};
		49FFECE425703D1D004FB19C /* Release */ = {
			isa = XCBuildConfiguration;
			buildSettings = {
				ALWAYS_SEARCH_USER_PATHS = NO;
				CLANG_ANALYZER_NONNULL = YES;
				CLANG_ANALYZER_NUMBER_OBJECT_CONVERSION = YES_AGGRESSIVE;
				CLANG_CXX_LANGUAGE_STANDARD = "gnu++14";
				CLANG_CXX_LIBRARY = "libc++";
				CLANG_ENABLE_MODULES = YES;
				CLANG_ENABLE_OBJC_ARC = YES;
				CLANG_ENABLE_OBJC_WEAK = YES;
				CLANG_WARN_BLOCK_CAPTURE_AUTORELEASING = YES;
				CLANG_WARN_BOOL_CONVERSION = YES;
				CLANG_WARN_COMMA = YES;
				CLANG_WARN_CONSTANT_CONVERSION = YES;
				CLANG_WARN_DEPRECATED_OBJC_IMPLEMENTATIONS = YES;
				CLANG_WARN_DIRECT_OBJC_ISA_USAGE = YES_ERROR;
				CLANG_WARN_DOCUMENTATION_COMMENTS = YES;
				CLANG_WARN_EMPTY_BODY = YES;
				CLANG_WARN_ENUM_CONVERSION = YES;
				CLANG_WARN_INFINITE_RECURSION = YES;
				CLANG_WARN_INT_CONVERSION = YES;
				CLANG_WARN_NON_LITERAL_NULL_CONVERSION = YES;
				CLANG_WARN_OBJC_IMPLICIT_RETAIN_SELF = YES;
				CLANG_WARN_OBJC_LITERAL_CONVERSION = YES;
				CLANG_WARN_OBJC_ROOT_CLASS = YES_ERROR;
				CLANG_WARN_RANGE_LOOP_ANALYSIS = YES;
				CLANG_WARN_STRICT_PROTOTYPES = YES;
				CLANG_WARN_SUSPICIOUS_MOVE = YES;
				CLANG_WARN_UNGUARDED_AVAILABILITY = YES_AGGRESSIVE;
				CLANG_WARN_UNREACHABLE_CODE = YES;
				CLANG_WARN__DUPLICATE_METHOD_MATCH = YES;
				COPY_PHASE_STRIP = NO;
				DEBUG_INFORMATION_FORMAT = "dwarf-with-dsym";
				ENABLE_NS_ASSERTIONS = NO;
				ENABLE_STRICT_OBJC_MSGSEND = YES;
				GCC_C_LANGUAGE_STANDARD = gnu11;
				GCC_NO_COMMON_BLOCKS = YES;
				GCC_WARN_64_TO_32_BIT_CONVERSION = YES;
				GCC_WARN_ABOUT_RETURN_TYPE = YES_ERROR;
				GCC_WARN_UNDECLARED_SELECTOR = YES;
				GCC_WARN_UNINITIALIZED_AUTOS = YES_AGGRESSIVE;
				GCC_WARN_UNUSED_FUNCTION = YES;
				GCC_WARN_UNUSED_VARIABLE = YES;
				IPHONEOS_DEPLOYMENT_TARGET = 13.7;
				MTL_ENABLE_DEBUG_INFO = NO;
				MTL_FAST_MATH = YES;
				SDKROOT = iphoneos;
				SWIFT_COMPILATION_MODE = wholemodule;
				SWIFT_OPTIMIZATION_LEVEL = "-O";
				VALIDATE_PRODUCT = YES;
			};
			name = Release;
		};
		49FFECE625703D1D004FB19C /* Debug */ = {
			isa = XCBuildConfiguration;
			buildSettings = {
				ASSETCATALOG_COMPILER_APPICON_NAME = AppIcon;
				CODE_SIGN_STYLE = Automatic;
				DEVELOPMENT_ASSET_PATHS = "\"WeSplit/Preview Content\"";
				ENABLE_PREVIEWS = YES;
				INFOPLIST_FILE = WeSplit/Info.plist;
				LD_RUNPATH_SEARCH_PATHS = (
					"$(inherited)",
					"@executable_path/Frameworks",
				);
				PRODUCT_BUNDLE_IDENTIFIER = nixontv.WeSplit;
				PRODUCT_NAME = "$(TARGET_NAME)";
				SWIFT_VERSION = 5.0;
				TARGETED_DEVICE_FAMILY = "1,2";
			};
			name = Debug;
		};
		49FFECE725703D1D004FB19C /* Release */ = {
			isa = XCBuildConfiguration;
			buildSettings = {
				ASSETCATALOG_COMPILER_APPICON_NAME = AppIcon;
				CODE_SIGN_STYLE = Automatic;
				DEVELOPMENT_ASSET_PATHS = "\"WeSplit/Preview Content\"";
				ENABLE_PREVIEWS = YES;
				INFOPLIST_FILE = WeSplit/Info.plist;
				LD_RUNPATH_SEARCH_PATHS = (
					"$(inherited)",
					"@executable_path/Frameworks",
				);
				PRODUCT_BUNDLE_IDENTIFIER = nixontv.WeSplit;
				PRODUCT_NAME = "$(TARGET_NAME)";
				SWIFT_VERSION = 5.0;
				TARGETED_DEVICE_FAMILY = "1,2";
			};
			name = Release;
		};
		49FFECE925703D1D004FB19C /* Debug */ = {
			isa = XCBuildConfiguration;
			buildSettings = {
				ALWAYS_EMBED_SWIFT_STANDARD_LIBRARIES = YES;
				BUNDLE_LOADER = "$(TEST_HOST)";
				CODE_SIGN_STYLE = Automatic;
				INFOPLIST_FILE = WeSplitTests/Info.plist;
				IPHONEOS_DEPLOYMENT_TARGET = 13.7;
				LD_RUNPATH_SEARCH_PATHS = (
					"$(inherited)",
					"@executable_path/Frameworks",
					"@loader_path/Frameworks",
				);
				PRODUCT_BUNDLE_IDENTIFIER = nixontv.WeSplitTests;
				PRODUCT_NAME = "$(TARGET_NAME)";
				SWIFT_VERSION = 5.0;
				TARGETED_DEVICE_FAMILY = "1,2";
				TEST_HOST = "$(BUILT_PRODUCTS_DIR)/WeSplit.app/WeSplit";
			};
			name = Debug;
		};
		49FFECEA25703D1D004FB19C /* Release */ = {
			isa = XCBuildConfiguration;
			buildSettings = {
				ALWAYS_EMBED_SWIFT_STANDARD_LIBRARIES = YES;
				BUNDLE_LOADER = "$(TEST_HOST)";
				CODE_SIGN_STYLE = Automatic;
				INFOPLIST_FILE = WeSplitTests/Info.plist;
				IPHONEOS_DEPLOYMENT_TARGET = 13.7;
				LD_RUNPATH_SEARCH_PATHS = (
					"$(inherited)",
					"@executable_path/Frameworks",
					"@loader_path/Frameworks",
				);
				PRODUCT_BUNDLE_IDENTIFIER = nixontv.WeSplitTests;
				PRODUCT_NAME = "$(TARGET_NAME)";
				SWIFT_VERSION = 5.0;
				TARGETED_DEVICE_FAMILY = "1,2";
				TEST_HOST = "$(BUILT_PRODUCTS_DIR)/WeSplit.app/WeSplit";
			};
			name = Release;
		};
		49FFECEC25703D1D004FB19C /* Debug */ = {
			isa = XCBuildConfiguration;
			buildSettings = {
				ALWAYS_EMBED_SWIFT_STANDARD_LIBRARIES = YES;
				CODE_SIGN_STYLE = Automatic;
				INFOPLIST_FILE = WeSplitUITests/Info.plist;
				LD_RUNPATH_SEARCH_PATHS = (
					"$(inherited)",
					"@executable_path/Frameworks",
					"@loader_path/Frameworks",
				);
				PRODUCT_BUNDLE_IDENTIFIER = nixontv.WeSplitUITests;
				PRODUCT_NAME = "$(TARGET_NAME)";
				SWIFT_VERSION = 5.0;
				TARGETED_DEVICE_FAMILY = "1,2";
				TEST_TARGET_NAME = WeSplit;
			};
			name = Debug;
		};
		49FFECED25703D1D004FB19C /* Release */ = {
			isa = XCBuildConfiguration;
			buildSettings = {
				ALWAYS_EMBED_SWIFT_STANDARD_LIBRARIES = YES;
				CODE_SIGN_STYLE = Automatic;
				INFOPLIST_FILE = WeSplitUITests/Info.plist;
				LD_RUNPATH_SEARCH_PATHS = (
					"$(inherited)",
					"@executable_path/Frameworks",
					"@loader_path/Frameworks",
				);
				PRODUCT_BUNDLE_IDENTIFIER = nixontv.WeSplitUITests;
				PRODUCT_NAME = "$(TARGET_NAME)";
				SWIFT_VERSION = 5.0;
				TARGETED_DEVICE_FAMILY = "1,2";
				TEST_TARGET_NAME = WeSplit;
			};
			name = Release;
		};
/* End XCBuildConfiguration section */

/* Begin XCConfigurationList section */
		49FFECB625703D16004FB19C /* Build configuration list for PBXProject "WeSplit" */ = {
			isa = XCConfigurationList;
			buildConfigurations = (
				49FFECE325703D1D004FB19C /* Debug */,
				49FFECE425703D1D004FB19C /* Release */,
			);
			defaultConfigurationIsVisible = 0;
			defaultConfigurationName = Release;
		};
		49FFECE525703D1D004FB19C /* Build configuration list for PBXNativeTarget "WeSplit" */ = {
			isa = XCConfigurationList;
			buildConfigurations = (
				49FFECE625703D1D004FB19C /* Debug */,
				49FFECE725703D1D004FB19C /* Release */,
			);
			defaultConfigurationIsVisible = 0;
			defaultConfigurationName = Release;
		};
		49FFECE825703D1D004FB19C /* Build configuration list for PBXNativeTarget "WeSplitTests" */ = {
			isa = XCConfigurationList;
			buildConfigurations = (
				49FFECE925703D1D004FB19C /* Debug */,
				49FFECEA25703D1D004FB19C /* Release */,
			);
			defaultConfigurationIsVisible = 0;
			defaultConfigurationName = Release;
		};
		49FFECEB25703D1D004FB19C /* Build configuration list for PBXNativeTarget "WeSplitUITests" */ = {
			isa = XCConfigurationList;
			buildConfigurations = (
				49FFECEC25703D1D004FB19C /* Debug */,
				49FFECED25703D1D004FB19C /* Release */,
			);
			defaultConfigurationIsVisible = 0;
			defaultConfigurationName = Release;
		};
/* End XCConfigurationList section */
	};
	rootObject = 49FFECB325703D16004FB19C /* Project object */;
}
